
Microsoft Visual Studio Solution File, Format Version 12.00
# Visual Studio Version 17
VisualStudioVersion = 17.2.32602.215
MinimumVisualStudioVersion = 10.0.40219.1
Project("{FAE04EC0-301F-11D3-BF4B-00C04F79EFBC}") = "romannumerals", "romannumerals\romannumerals.csproj", "{8496B81C-7B8F-4AAD-9672-5C7236B643BD}"
EndProject
Global
	GlobalSection(SolutionConfigurationPlatforms) = preSolution
		Debug|Any CPU = Debug|Any CPU
		Release|Any CPU = Release|Any CPU
	EndGlobalSection
	GlobalSection(ProjectConfigurationPlatforms) = postSolution
		{8496B81C-7B8F-4AAD-9672-5C7236B643BD}.Debug|Any CPU.ActiveCfg = Debug|Any CPU
		{8496B81C-7B8F-4AAD-9672-5C7236B643BD}.Debug|Any CPU.Build.0 = Debug|Any CPU
		{8496B81C-7B8F-4AAD-9672-5C7236B643BD}.Release|Any CPU.ActiveCfg = Release|Any CPU
		{8496B81C-7B8F-4AAD-9672-5C7236B643BD}.Release|Any CPU.Build.0 = Release|Any CPU
	EndGlobalSection
	GlobalSection(SolutionProperties) = preSolution
		HideSolutionNode = FALSE
	EndGlobalSection
	GlobalSection(ExtensibilityGlobals) = postSolution
		SolutionGuid = {7B4E814A-5E39-4A18-8268-0A488160CA1F}
	EndGlobalSection
EndGlobal
